<?xml version="1.0" encoding="utf-8"?>
<Project ToolsVersion="4.0" xmlns="http://schemas.microsoft.com/developer/msbuild/2003">
  <ItemGroup>
    <Filter Include="Program">
      <UniqueIdentifier>{a9bad781-8da0-4a6f-bf95-88973336cfd4}</UniqueIdentifier>
    </Filter>
    <Filter Include="Program\Config">
      <UniqueIdentifier>{9c14c382-144c-4a1e-b463-80d0488f6296}</UniqueIdentifier>
    </Filter>
    <Filter Include="Program\Render">
      <UniqueIdentifier>{574e32cc-52e7-40e1-b5f8-3a6ad6c3f671}</UniqueIdentifier>
    </Filter>
    <Filter Include="Program\Utilities">
      <UniqueIdentifier>{8a020e17-a80f-4c5b-9804-2dfc4eb43ba3}</UniqueIdentifier>
    </Filter>
    <Filter Include="Program\Constants">
      <UniqueIdentifier>{f7779555-a533-4c69-ad58-d7e79bfaab11}</UniqueIdentifier>
    </Filter>
    <Filter Include="Program\Utilities\Math">
      <UniqueIdentifier>{9c927cc3-4934-4e91-93c0-3da75f402b04}</UniqueIdentifier>
    </Filter>
    <Filter Include="Program\Utilities\Collision">
      <UniqueIdentifier>{7e331198-20e0-4c8f-8d56-4ad4b6486736}</UniqueIdentifier>
    </Filter>
    <Filter Include="Program\Utilities\Random">
      <UniqueIdentifier>{1302ff6e-c253-4901-87c2-cf9cf2ef9758}</UniqueIdentifier>
    </Filter>
    <Filter Include="Program\Elements">
      <UniqueIdentifier>{1e576e8a-2188-4569-ac7d-401b3f215c05}</UniqueIdentifier>
    </Filter>
    <Filter Include="Program\Elements\Label">
      <UniqueIdentifier>{3bce7c66-d442-4736-a61a-f2352eff463b}</UniqueIdentifier>
    </Filter>
    <Filter Include="Program\Elements\Button">
      <UniqueIdentifier>{9f758042-4879-4f21-a6c3-6737369163a0}</UniqueIdentifier>
    </Filter>
    <Filter Include="Program\Screens">
      <UniqueIdentifier>{d2d07157-ed4e-487b-91c1-6145b703903d}</UniqueIdentifier>
    </Filter>
    <Filter Include="Program\Screens\Game">
      <UniqueIdentifier>{30500183-52ad-4d75-92e1-1fc790d2c838}</UniqueIdentifier>
    </Filter>
    <Filter Include="Program\Screens\Game\Bird">
      <UniqueIdentifier>{0c8f0e36-9f29-421e-b406-71611407cac4}</UniqueIdentifier>
    </Filter>
    <Filter Include="Program\Screens\Game\Obstacle">
      <UniqueIdentifier>{183dfa3c-54e8-4413-9ba6-0826835532b4}</UniqueIdentifier>
    </Filter>
    <Filter Include="Program\Screens\Menu">
      <UniqueIdentifier>{fa52335d-a209-4252-9528-7321edc15b6b}</UniqueIdentifier>
    </Filter>
    <Filter Include="Program\Utilities\Constants">
      <UniqueIdentifier>{949e19a2-f213-41be-ac7b-839060b05516}</UniqueIdentifier>
    </Filter>
  </ItemGroup>
  <ItemGroup>
    <ClCompile Include="src\main.cpp">
      <Filter>Program</Filter>
    </ClCompile>
    <ClCompile Include="src\program.cpp">
      <Filter>Program</Filter>
    </ClCompile>
    <ClCompile Include="src\render.cpp">
      <Filter>Program\Render</Filter>
    </ClCompile>
    <ClCompile Include="src\config.cpp">
      <Filter>Program\Config</Filter>
    </ClCompile>
    <ClCompile Include="src\math.cpp">
      <Filter>Program\Utilities\Math</Filter>
    </ClCompile>
    <ClCompile Include="src\game.cpp">
      <Filter>Program\Screens\Game</Filter>
    </ClCompile>
    <ClCompile Include="src\bird.cpp">
      <Filter>Program\Screens\Game\Bird</Filter>
    </ClCompile>
    <ClCompile Include="src\obstacle.cpp">
      <Filter>Program\Screens\Game\Obstacle</Filter>
    </ClCompile>
    <ClCompile Include="src\collision.cpp">
      <Filter>Program\Utilities\Collision</Filter>
    </ClCompile>
    <ClCompile Include="src\random.cpp">
      <Filter>Program\Utilities\Random</Filter>
    </ClCompile>
    <ClCompile Include="src\label.cpp">
      <Filter>Program\Elements\Label</Filter>
    </ClCompile>
    <ClCompile Include="src\button.cpp">
      <Filter>Program\Elements\Button</Filter>
    </ClCompile>
    <ClCompile Include="src\menu.cpp">
      <Filter>Program\Screens\Menu</Filter>
    </ClCompile>
  </ItemGroup>
  <ItemGroup>
    <ClInclude Include="src\program.h">
      <Filter>Program</Filter>
    </ClInclude>
    <ClInclude Include="src\config.h">
      <Filter>Program\Config</Filter>
    </ClInclude>
    <ClInclude Include="src\shapes.h">
      <Filter>Program\Constants</Filter>
    </ClInclude>
    <ClInclude Include="src\render.h">
      <Filter>Program\Render</Filter>
    </ClInclude>
    <ClInclude Include="src\math.h">
      <Filter>Program\Utilities\Math</Filter>
    </ClInclude>
    <ClInclude Include="src\game.h">
      <Filter>Program\Screens\Game</Filter>
    </ClInclude>
    <ClInclude Include="src\bird.h">
      <Filter>Program\Screens\Game\Bird</Filter>
    </ClInclude>
    <ClInclude Include="src\obstacle.h">
      <Filter>Program\Screens\Game\Obstacle</Filter>
    </ClInclude>
    <ClInclude Include="src\collision.h">
      <Filter>Program\Utilities\Collision</Filter>
    </ClInclude>
    <ClInclude Include="src\random.h">
      <Filter>Program\Utilities\Random</Filter>
    </ClInclude>
    <ClInclude Include="src\label.h">
      <Filter>Program\Elements\Label</Filter>
    </ClInclude>
    <ClInclude Include="src\button.h">
      <Filter>Program\Elements\Button</Filter>
    </ClInclude>
    <ClInclude Include="src\screens.h">
      <Filter>Program\Utilities\Constants</Filter>
    </ClInclude>
    <ClInclude Include="src\menu.h">
      <Filter>Program\Screens\Menu</Filter>
    </ClInclude>
  </ItemGroup>
</Project>